
Microsoft Visual Studio Solution File, Format Version 12.00
# Visual Studio Version 17
VisualStudioVersion = 17.10.34916.146
MinimumVisualStudioVersion = 10.0.40219.1
Project("{FAE04EC0-301F-11D3-BF4B-00C04F79EFBC}") = "Comex", "Comex\Comex.csproj", "{8CCB3A77-3330-4CC9-A959-2CF2B3C950CD}"
EndProject
Global
	GlobalSection(SolutionConfigurationPlatforms) = preSolution
		Debug|Any CPU = Debug|Any CPU
		Release|Any CPU = Release|Any CPU
	EndGlobalSection
	GlobalSection(ProjectConfigurationPlatforms) = postSolution
		{8CCB3A77-3330-4CC9-A959-2CF2B3C950CD}.Debug|Any CPU.ActiveCfg = Debug|Any CPU
		{8CCB3A77-3330-4CC9-A959-2CF2B3C950CD}.Debug|Any CPU.Build.0 = Debug|Any CPU
		{8CCB3A77-3330-4CC9-A959-2CF2B3C950CD}.Release|Any CPU.ActiveCfg = Release|Any CPU
		{8CCB3A77-3330-4CC9-A959-2CF2B3C950CD}.Release|Any CPU.Build.0 = Release|Any CPU
	EndGlobalSection
	GlobalSection(SolutionProperties) = preSolution
		HideSolutionNode = FALSE
	EndGlobalSection
	GlobalSection(ExtensibilityGlobals) = postSolution
		SolutionGuid = {562DA58C-38C8-4222-98F7-0C751F8775D3}
	EndGlobalSection
EndGlobal
